
Microsoft Visual Studio Solution File, Format Version 12.00
# Visual Studio 14
VisualStudioVersion = 14.0.24720.0
MinimumVisualStudioVersion = 10.0.40219.1
Project("{FAE04EC0-301F-11D3-BF4B-00C04F79EFBC}") = "BSSiseveeb.Public.Web", "BSSiseveeb.Public.Web\BSSiseveeb.Public.Web.csproj", "{703D490E-51C1-4BDB-B0AD-67C68E15DF8A}"
EndProject
Project("{FAE04EC0-301F-11D3-BF4B-00C04F79EFBC}") = "BSSiseveeb.Data", "BSSiseveeb.Data\BSSiseveeb.Data.csproj", "{4A09FF08-6E61-4F55-A398-44F98358DDCF}"
EndProject
Project("{FAE04EC0-301F-11D3-BF4B-00C04F79EFBC}") = "BSSiseveeb.Core", "BSSiseveeb.Core\BSSiseveeb.Core.csproj", "{B6B87063-65A3-40E7-807B-BD97CED8CD73}"
EndProject
Global
	GlobalSection(SolutionConfigurationPlatforms) = preSolution
		Debug|Any CPU = Debug|Any CPU
		Release|Any CPU = Release|Any CPU
	EndGlobalSection
	GlobalSection(ProjectConfigurationPlatforms) = postSolution
		{703D490E-51C1-4BDB-B0AD-67C68E15DF8A}.Debug|Any CPU.ActiveCfg = Debug|Any CPU
		{703D490E-51C1-4BDB-B0AD-67C68E15DF8A}.Debug|Any CPU.Build.0 = Debug|Any CPU
		{703D490E-51C1-4BDB-B0AD-67C68E15DF8A}.Release|Any CPU.ActiveCfg = Release|Any CPU
		{703D490E-51C1-4BDB-B0AD-67C68E15DF8A}.Release|Any CPU.Build.0 = Release|Any CPU
		{4A09FF08-6E61-4F55-A398-44F98358DDCF}.Debug|Any CPU.ActiveCfg = Debug|Any CPU
		{4A09FF08-6E61-4F55-A398-44F98358DDCF}.Debug|Any CPU.Build.0 = Debug|Any CPU
		{4A09FF08-6E61-4F55-A398-44F98358DDCF}.Release|Any CPU.ActiveCfg = Release|Any CPU
		{4A09FF08-6E61-4F55-A398-44F98358DDCF}.Release|Any CPU.Build.0 = Release|Any CPU
		{B6B87063-65A3-40E7-807B-BD97CED8CD73}.Debug|Any CPU.ActiveCfg = Debug|Any CPU
		{B6B87063-65A3-40E7-807B-BD97CED8CD73}.Debug|Any CPU.Build.0 = Debug|Any CPU
		{B6B87063-65A3-40E7-807B-BD97CED8CD73}.Release|Any CPU.ActiveCfg = Release|Any CPU
		{B6B87063-65A3-40E7-807B-BD97CED8CD73}.Release|Any CPU.Build.0 = Release|Any CPU
	EndGlobalSection
	GlobalSection(SolutionProperties) = preSolution
		HideSolutionNode = FALSE
	EndGlobalSection
EndGlobal
