
Microsoft Visual Studio Solution File, Format Version 12.00
# Visual Studio 14
VisualStudioVersion = 14.0.24720.0
MinimumVisualStudioVersion = 10.0.40219.1
Project("{FAE04EC0-301F-11D3-BF4B-00C04F79EFBC}") = "BSSiseveeb.Data", "BSSiseveeb.Data\BSSiseveeb.Data.csproj", "{4A09FF08-6E61-4F55-A398-44F98358DDCF}"
EndProject
Project("{FAE04EC0-301F-11D3-BF4B-00C04F79EFBC}") = "BSSiseveeb.Core", "BSSiseveeb.Core\BSSiseveeb.Core.csproj", "{B6B87063-65A3-40E7-807B-BD97CED8CD73}"
EndProject
Project("{FAE04EC0-301F-11D3-BF4B-00C04F79EFBC}") = "BSSiseveeb.Public.Web", "BSSiseveeb.Public.Web\BSSiseveeb.Public.Web.csproj", "{A55E7D92-27EE-470B-ACA5-863E3108DD44}"
	ProjectSection(ProjectDependencies) = postProject
		{4A09FF08-6E61-4F55-A398-44F98358DDCF} = {4A09FF08-6E61-4F55-A398-44F98358DDCF}
		{B6B87063-65A3-40E7-807B-BD97CED8CD73} = {B6B87063-65A3-40E7-807B-BD97CED8CD73}
	EndProjectSection
EndProject
Project("{FAE04EC0-301F-11D3-BF4B-00C04F79EFBC}") = "BSSiseveeb.ApplicationServices", "BSSiseveeb.ApplicationServices\BSSiseveeb.ApplicationServices.csproj", "{B66AC5A7-C7B9-4F0E-ACD8-10015251809B}"
EndProject
Global
	GlobalSection(SolutionConfigurationPlatforms) = preSolution
		Debug|Any CPU = Debug|Any CPU
		Release|Any CPU = Release|Any CPU
	EndGlobalSection
	GlobalSection(ProjectConfigurationPlatforms) = postSolution
		{4A09FF08-6E61-4F55-A398-44F98358DDCF}.Debug|Any CPU.ActiveCfg = Debug|Any CPU
		{4A09FF08-6E61-4F55-A398-44F98358DDCF}.Debug|Any CPU.Build.0 = Debug|Any CPU
		{4A09FF08-6E61-4F55-A398-44F98358DDCF}.Release|Any CPU.ActiveCfg = Release|Any CPU
		{4A09FF08-6E61-4F55-A398-44F98358DDCF}.Release|Any CPU.Build.0 = Release|Any CPU
		{B6B87063-65A3-40E7-807B-BD97CED8CD73}.Debug|Any CPU.ActiveCfg = Debug|Any CPU
		{B6B87063-65A3-40E7-807B-BD97CED8CD73}.Debug|Any CPU.Build.0 = Debug|Any CPU
		{B6B87063-65A3-40E7-807B-BD97CED8CD73}.Release|Any CPU.ActiveCfg = Release|Any CPU
		{B6B87063-65A3-40E7-807B-BD97CED8CD73}.Release|Any CPU.Build.0 = Release|Any CPU
		{A55E7D92-27EE-470B-ACA5-863E3108DD44}.Debug|Any CPU.ActiveCfg = Debug|Any CPU
		{A55E7D92-27EE-470B-ACA5-863E3108DD44}.Debug|Any CPU.Build.0 = Debug|Any CPU
		{A55E7D92-27EE-470B-ACA5-863E3108DD44}.Release|Any CPU.ActiveCfg = Release|Any CPU
		{A55E7D92-27EE-470B-ACA5-863E3108DD44}.Release|Any CPU.Build.0 = Release|Any CPU
		{B66AC5A7-C7B9-4F0E-ACD8-10015251809B}.Debug|Any CPU.ActiveCfg = Debug|Any CPU
		{B66AC5A7-C7B9-4F0E-ACD8-10015251809B}.Debug|Any CPU.Build.0 = Debug|Any CPU
		{B66AC5A7-C7B9-4F0E-ACD8-10015251809B}.Release|Any CPU.ActiveCfg = Release|Any CPU
		{B66AC5A7-C7B9-4F0E-ACD8-10015251809B}.Release|Any CPU.Build.0 = Release|Any CPU
	EndGlobalSection
	GlobalSection(SolutionProperties) = preSolution
		HideSolutionNode = FALSE
	EndGlobalSection
EndGlobal
